
Microsoft Visual Studio Solution File, Format Version 12.00
# Visual Studio Version 17
VisualStudioVersion = 17.4.33213.308
MinimumVisualStudioVersion = 10.0.40219.1
Project("{8BC9CEB8-8B4A-11D0-8D11-00A0C91BC942}") = "Praxis3D-material-combiner", "Praxis3D-material-combiner\Praxis3D-material-combiner.vcxproj", "{4A6B873F-CCF5-45D0-A683-F1546A0D51C7}"
EndProject
Global
	GlobalSection(SolutionConfigurationPlatforms) = preSolution
		Debug|x64 = Debug|x64
		Debug|x86 = Debug|x86
		Release|x64 = Release|x64
		Release|x86 = Release|x86
	EndGlobalSection
	GlobalSection(ProjectConfigurationPlatforms) = postSolution
		{4A6B873F-CCF5-45D0-A683-F1546A0D51C7}.Debug|x64.ActiveCfg = Debug|x64
		{4A6B873F-CCF5-45D0-A683-F1546A0D51C7}.Debug|x64.Build.0 = Debug|x64
		{4A6B873F-CCF5-45D0-A683-F1546A0D51C7}.Debug|x86.ActiveCfg = Debug|Win32
		{4A6B873F-CCF5-45D0-A683-F1546A0D51C7}.Debug|x86.Build.0 = Debug|Win32
		{4A6B873F-CCF5-45D0-A683-F1546A0D51C7}.Release|x64.ActiveCfg = Release|x64
		{4A6B873F-CCF5-45D0-A683-F1546A0D51C7}.Release|x64.Build.0 = Release|x64
		{4A6B873F-CCF5-45D0-A683-F1546A0D51C7}.Release|x86.ActiveCfg = Release|Win32
		{4A6B873F-CCF5-45D0-A683-F1546A0D51C7}.Release|x86.Build.0 = Release|Win32
	EndGlobalSection
	GlobalSection(SolutionProperties) = preSolution
		HideSolutionNode = FALSE
	EndGlobalSection
	GlobalSection(ExtensibilityGlobals) = postSolution
		SolutionGuid = {87FE268A-2E07-469A-AAA1-C2AAF93FB52B}
	EndGlobalSection
EndGlobal
